// !$*UTF8*$!
{
	archiveVersion = 1;
	classes = {
	};
	objectVersion = 48;
	objects = {

/* Begin PBXBuildFile section */
		9A9D767A201385F300FD786E /* AppDelegate.swift in Sources */ = {isa = PBXBuildFile; fileRef = 9A9D7679201385F300FD786E /* AppDelegate.swift */; };
		9A9D767C201385F300FD786E /* ViewController.swift in Sources */ = {isa = PBXBuildFile; fileRef = 9A9D767B201385F300FD786E /* ViewController.swift */; };
		9A9D767F201385F300FD786E /* Main.storyboard in Resources */ = {isa = PBXBuildFile; fileRef = 9A9D767D201385F300FD786E /* Main.storyboard */; };
		9A9D7681201385F300FD786E /* Assets.xcassets in Resources */ = {isa = PBXBuildFile; fileRef = 9A9D7680201385F300FD786E /* Assets.xcassets */; };
		9A9D7684201385F300FD786E /* LaunchScreen.storyboard in Resources */ = {isa = PBXBuildFile; fileRef = 9A9D7682201385F300FD786E /* LaunchScreen.storyboard */; };
		9A9D768F201385F300FD786E /* TestSampleTests.swift in Sources */ = {isa = PBXBuildFile; fileRef = 9A9D768E201385F300FD786E /* TestSampleTests.swift */; };
		9A9D769A201385F300FD786E /* TestSampleUITests.swift in Sources */ = {isa = PBXBuildFile; fileRef = 9A9D7699201385F300FD786E /* TestSampleUITests.swift */; };
		9A9D76A820140E4700FD786E /* MathFunction.swift in Sources */ = {isa = PBXBuildFile; fileRef = 9A9D76A720140E4700FD786E /* MathFunction.swift */; };
		9A9D76A920140F5400FD786E /* MathFunction.swift in Sources */ = {isa = PBXBuildFile; fileRef = 9A9D76A720140E4700FD786E /* MathFunction.swift */; };
/* End PBXBuildFile section */

/* Begin PBXContainerItemProxy section */
		9A9D768B201385F300FD786E /* PBXContainerItemProxy */ = {
			isa = PBXContainerItemProxy;
			containerPortal = 9A9D766E201385F300FD786E /* Project object */;
			proxyType = 1;
			remoteGlobalIDString = 9A9D7675201385F300FD786E;
			remoteInfo = TestSample;
		};
		9A9D7696201385F300FD786E /* PBXContainerItemProxy */ = {
			isa = PBXContainerItemProxy;
			containerPortal = 9A9D766E201385F300FD786E /* Project object */;
			proxyType = 1;
			remoteGlobalIDString = 9A9D7675201385F300FD786E;
			remoteInfo = TestSample;
		};
/* End PBXContainerItemProxy section */

/* Begin PBXFileReference section */
		9A9D7676201385F300FD786E /* TestSample.app */ = {isa = PBXFileReference; explicitFileType = wrapper.application; includeInIndex = 0; path = TestSample.app; sourceTree = BUILT_PRODUCTS_DIR; };
		9A9D7679201385F300FD786E /* AppDelegate.swift */ = {isa = PBXFileReference; lastKnownFileType = sourcecode.swift; path = AppDelegate.swift; sourceTree = "<group>"; };
		9A9D767B201385F300FD786E /* ViewController.swift */ = {isa = PBXFileReference; lastKnownFileType = sourcecode.swift; path = ViewController.swift; sourceTree = "<group>"; };
		9A9D767E201385F300FD786E /* Base */ = {isa = PBXFileReference; lastKnownFileType = file.storyboard; name = Base; path = Base.lproj/Main.storyboard; sourceTree = "<group>"; };
		9A9D7680201385F300FD786E /* Assets.xcassets */ = {isa = PBXFileReference; lastKnownFileType = folder.assetcatalog; path = Assets.xcassets; sourceTree = "<group>"; };
		9A9D7683201385F300FD786E /* Base */ = {isa = PBXFileReference; lastKnownFileType = file.storyboard; name = Base; path = Base.lproj/LaunchScreen.storyboard; sourceTree = "<group>"; };
		9A9D7685201385F300FD786E /* Info.plist */ = {isa = PBXFileReference; lastKnownFileType = text.plist.xml; path = Info.plist; sourceTree = "<group>"; };
		9A9D768A201385F300FD786E /* TestSampleTests.xctest */ = {isa = PBXFileReference; explicitFileType = wrapper.cfbundle; includeInIndex = 0; path = TestSampleTests.xctest; sourceTree = BUILT_PRODUCTS_DIR; };
		9A9D768E201385F300FD786E /* TestSampleTests.swift */ = {isa = PBXFileReference; lastKnownFileType = sourcecode.swift; path = TestSampleTests.swift; sourceTree = "<group>"; };
		9A9D7690201385F300FD786E /* Info.plist */ = {isa = PBXFileReference; lastKnownFileType = text.plist.xml; path = Info.plist; sourceTree = "<group>"; };
		9A9D7695201385F300FD786E /* TestSampleUITests.xctest */ = {isa = PBXFileReference; explicitFileType = wrapper.cfbundle; includeInIndex = 0; path = TestSampleUITests.xctest; sourceTree = BUILT_PRODUCTS_DIR; };
		9A9D7699201385F300FD786E /* TestSampleUITests.swift */ = {isa = PBXFileReference; lastKnownFileType = sourcecode.swift; path = TestSampleUITests.swift; sourceTree = "<group>"; };
		9A9D769B201385F300FD786E /* Info.plist */ = {isa = PBXFileReference; lastKnownFileType = text.plist.xml; path = Info.plist; sourceTree = "<group>"; };
		9A9D76A720140E4700FD786E /* MathFunction.swift */ = {isa = PBXFileReference; lastKnownFileType = sourcecode.swift; path = MathFunction.swift; sourceTree = "<group>"; };
/* End PBXFileReference section */

/* Begin PBXFrameworksBuildPhase section */
		9A9D7673201385F300FD786E /* Frameworks */ = {
			isa = PBXFrameworksBuildPhase;
			buildActionMask = 2147483647;
			files = (
			);
			runOnlyForDeploymentPostprocessing = 0;
		};
		9A9D7687201385F300FD786E /* Frameworks */ = {
			isa = PBXFrameworksBuildPhase;
			buildActionMask = 2147483647;
			files = (
			);
			runOnlyForDeploymentPostprocessing = 0;
		};
		9A9D7692201385F300FD786E /* Frameworks */ = {
			isa = PBXFrameworksBuildPhase;
			buildActionMask = 2147483647;
			files = (
			);
			runOnlyForDeploymentPostprocessing = 0;
		};
/* End PBXFrameworksBuildPhase section */

/* Begin PBXGroup section */
		9A9D766D201385F300FD786E = {
			isa = PBXGroup;
			children = (
				9A9D7678201385F300FD786E /* TestSample */,
				9A9D768D201385F300FD786E /* TestSampleTests */,
				9A9D7698201385F300FD786E /* TestSampleUITests */,
				9A9D7677201385F300FD786E /* Products */,
			);
			sourceTree = "<group>";
		};
		9A9D7677201385F300FD786E /* Products */ = {
			isa = PBXGroup;
			children = (
				9A9D7676201385F300FD786E /* TestSample.app */,
				9A9D768A201385F300FD786E /* TestSampleTests.xctest */,
				9A9D7695201385F300FD786E /* TestSampleUITests.xctest */,
			);
			name = Products;
			sourceTree = "<group>";
		};
		9A9D7678201385F300FD786E /* TestSample */ = {
			isa = PBXGroup;
			children = (
				9A9D7679201385F300FD786E /* AppDelegate.swift */,
				9A9D767B201385F300FD786E /* ViewController.swift */,
				9A9D767D201385F300FD786E /* Main.storyboard */,
				9A9D7680201385F300FD786E /* Assets.xcassets */,
				9A9D7682201385F300FD786E /* LaunchScreen.storyboard */,
				9A9D7685201385F300FD786E /* Info.plist */,
				9A9D76A720140E4700FD786E /* MathFunction.swift */,
			);
			path = TestSample;
			sourceTree = "<group>";
		};
		9A9D768D201385F300FD786E /* TestSampleTests */ = {
			isa = PBXGroup;
			children = (
				9A9D768E201385F300FD786E /* TestSampleTests.swift */,
				9A9D7690201385F300FD786E /* Info.plist */,
			);
			path = TestSampleTests;
			sourceTree = "<group>";
		};
		9A9D7698201385F300FD786E /* TestSampleUITests */ = {
			isa = PBXGroup;
			children = (
				9A9D7699201385F300FD786E /* TestSampleUITests.swift */,
				9A9D769B201385F300FD786E /* Info.plist */,
			);
			path = TestSampleUITests;
			sourceTree = "<group>";
		};
/* End PBXGroup section */

/* Begin PBXNativeTarget section */
		9A9D7675201385F300FD786E /* TestSample */ = {
			isa = PBXNativeTarget;
			buildConfigurationList = 9A9D769E201385F300FD786E /* Build configuration list for PBXNativeTarget "TestSample" */;
			buildPhases = (
				9A9D7672201385F300FD786E /* Sources */,
				9A9D7673201385F300FD786E /* Frameworks */,
				9A9D7674201385F300FD786E /* Resources */,
			);
			buildRules = (
			);
			dependencies = (
			);
			name = TestSample;
			productName = TestSample;
			productReference = 9A9D7676201385F300FD786E /* TestSample.app */;
			productType = "com.apple.product-type.application";
		};
		9A9D7689201385F300FD786E /* TestSampleTests */ = {
			isa = PBXNativeTarget;
			buildConfigurationList = 9A9D76A1201385F300FD786E /* Build configuration list for PBXNativeTarget "TestSampleTests" */;
			buildPhases = (
				9A9D7686201385F300FD786E /* Sources */,
				9A9D7687201385F300FD786E /* Frameworks */,
				9A9D7688201385F300FD786E /* Resources */,
			);
			buildRules = (
			);
			dependencies = (
				9A9D768C201385F300FD786E /* PBXTargetDependency */,
			);
			name = TestSampleTests;
			productName = TestSampleTests;
			productReference = 9A9D768A201385F300FD786E /* TestSampleTests.xctest */;
			productType = "com.apple.product-type.bundle.unit-test";
		};
		9A9D7694201385F300FD786E /* TestSampleUITests */ = {
			isa = PBXNativeTarget;
			buildConfigurationList = 9A9D76A4201385F300FD786E /* Build configuration list for PBXNativeTarget "TestSampleUITests" */;
			buildPhases = (
				9A9D7691201385F300FD786E /* Sources */,
				9A9D7692201385F300FD786E /* Frameworks */,
				9A9D7693201385F300FD786E /* Resources */,
			);
			buildRules = (
			);
			dependencies = (
				9A9D7697201385F300FD786E /* PBXTargetDependency */,
			);
			name = TestSampleUITests;
			productName = TestSampleUITests;
			productReference = 9A9D7695201385F300FD786E /* TestSampleUITests.xctest */;
			productType = "com.apple.product-type.bundle.ui-testing";
		};
/* End PBXNativeTarget section */

/* Begin PBXProject section */
		9A9D766E201385F300FD786E /* Project object */ = {
			isa = PBXProject;
			attributes = {
				LastSwiftUpdateCheck = 0920;
				LastUpgradeCheck = 0920;
				ORGANIZATIONNAME = "一騎高橋";
				TargetAttributes = {
					9A9D7675201385F300FD786E = {
						CreatedOnToolsVersion = 9.2;
						ProvisioningStyle = Automatic;
					};
					9A9D7689201385F300FD786E = {
						CreatedOnToolsVersion = 9.2;
						ProvisioningStyle = Automatic;
						TestTargetID = 9A9D7675201385F300FD786E;
					};
					9A9D7694201385F300FD786E = {
						CreatedOnToolsVersion = 9.2;
						ProvisioningStyle = Automatic;
						TestTargetID = 9A9D7675201385F300FD786E;
					};
				};
			};
			buildConfigurationList = 9A9D7671201385F300FD786E /* Build configuration list for PBXProject "TestSample" */;
			compatibilityVersion = "Xcode 8.0";
			developmentRegion = en;
			hasScannedForEncodings = 0;
			knownRegions = (
				en,
				Base,
			);
			mainGroup = 9A9D766D201385F300FD786E;
			productRefGroup = 9A9D7677201385F300FD786E /* Products */;
			projectDirPath = "";
			projectRoot = "";
			targets = (
				9A9D7675201385F300FD786E /* TestSample */,
				9A9D7689201385F300FD786E /* TestSampleTests */,
				9A9D7694201385F300FD786E /* TestSampleUITests */,
			);
		};
/* End PBXProject section */

/* Begin PBXResourcesBuildPhase section */
		9A9D7674201385F300FD786E /* Resources */ = {
			isa = PBXResourcesBuildPhase;
			buildActionMask = 2147483647;
			files = (
				9A9D7684201385F300FD786E /* LaunchScreen.storyboard in Resources */,
				9A9D7681201385F300FD786E /* Assets.xcassets in Resources */,
				9A9D767F201385F300FD786E /* Main.storyboard in Resources */,
			);
			runOnlyForDeploymentPostprocessing = 0;
		};
		9A9D7688201385F300FD786E /* Resources */ = {
			isa = PBXResourcesBuildPhase;
			buildActionMask = 2147483647;
			files = (
			);
			runOnlyForDeploymentPostprocessing = 0;
		};
		9A9D7693201385F300FD786E /* Resources */ = {
			isa = PBXResourcesBuildPhase;
			buildActionMask = 2147483647;
			files = (
			);
			runOnlyForDeploymentPostprocessing = 0;
		};
/* End PBXResourcesBuildPhase section */

/* Begin PBXSourcesBuildPhase section */
		9A9D7672201385F300FD786E /* Sources */ = {
			isa = PBXSourcesBuildPhase;
			buildActionMask = 2147483647;
			files = (
				9A9D767C201385F300FD786E /* ViewController.swift in Sources */,
				9A9D76A820140E4700FD786E /* MathFunction.swift in Sources */,
				9A9D767A201385F300FD786E /* AppDelegate.swift in Sources */,
			);
			runOnlyForDeploymentPostprocessing = 0;
		};
		9A9D7686201385F300FD786E /* Sources */ = {
			isa = PBXSourcesBuildPhase;
			buildActionMask = 2147483647;
			files = (
				9A9D768F201385F300FD786E /* TestSampleTests.swift in Sources */,
				9A9D76A920140F5400FD786E /* MathFunction.swift in Sources */,
			);
			runOnlyForDeploymentPostprocessing = 0;
		};
		9A9D7691201385F300FD786E /* Sources */ = {
			isa = PBXSourcesBuildPhase;
			buildActionMask = 2147483647;
			files = (
				9A9D769A201385F300FD786E /* TestSampleUITests.swift in Sources */,
			);
			runOnlyForDeploymentPostprocessing = 0;
		};
/* End PBXSourcesBuildPhase section */

/* Begin PBXTargetDependency section */
		9A9D768C201385F300FD786E /* PBXTargetDependency */ = {
			isa = PBXTargetDependency;
			target = 9A9D7675201385F300FD786E /* TestSample */;
			targetProxy = 9A9D768B201385F300FD786E /* PBXContainerItemProxy */;
		};
		9A9D7697201385F300FD786E /* PBXTargetDependency */ = {
			isa = PBXTargetDependency;
			target = 9A9D7675201385F300FD786E /* TestSample */;
			targetProxy = 9A9D7696201385F300FD786E /* PBXContainerItemProxy */;
		};
/* End PBXTargetDependency section */

/* Begin PBXVariantGroup section */
		9A9D767D201385F300FD786E /* Main.storyboard */ = {
			isa = PBXVariantGroup;
			children = (
				9A9D767E201385F300FD786E /* Base */,
			);
			name = Main.storyboard;
			sourceTree = "<group>";
		};
		9A9D7682201385F300FD786E /* LaunchScreen.storyboard */ = {
			isa = PBXVariantGroup;
			children = (
				9A9D7683201385F300FD786E /* Base */,
			);
			name = LaunchScreen.storyboard;
			sourceTree = "<group>";
		};
/* End PBXVariantGroup section */

/* Begin XCBuildConfiguration section */
		9A9D769C201385F300FD786E /* Debug */ = {
			isa = XCBuildConfiguration;
			buildSettings = {
				ALWAYS_SEARCH_USER_PATHS = NO;
				CLANG_ANALYZER_NONNULL = YES;
				CLANG_ANALYZER_NUMBER_OBJECT_CONVERSION = YES_AGGRESSIVE;
				CLANG_CXX_LANGUAGE_STANDARD = "gnu++14";
				CLANG_CXX_LIBRARY = "libc++";
				CLANG_ENABLE_MODULES = YES;
				CLANG_ENABLE_OBJC_ARC = YES;
				CLANG_WARN_BLOCK_CAPTURE_AUTORELEASING = YES;
				CLANG_WARN_BOOL_CONVERSION = YES;
				CLANG_WARN_COMMA = YES;
				CLANG_WARN_CONSTANT_CONVERSION = YES;
				CLANG_WARN_DIRECT_OBJC_ISA_USAGE = YES_ERROR;
				CLANG_WARN_DOCUMENTATION_COMMENTS = YES;
				CLANG_WARN_EMPTY_BODY = YES;
				CLANG_WARN_ENUM_CONVERSION = YES;
				CLANG_WARN_INFINITE_RECURSION = YES;
				CLANG_WARN_INT_CONVERSION = YES;
				CLANG_WARN_NON_LITERAL_NULL_CONVERSION = YES;
				CLANG_WARN_OBJC_LITERAL_CONVERSION = YES;
				CLANG_WARN_OBJC_ROOT_CLASS = YES_ERROR;
				CLANG_WARN_RANGE_LOOP_ANALYSIS = YES;
				CLANG_WARN_STRICT_PROTOTYPES = YES;
				CLANG_WARN_SUSPICIOUS_MOVE = YES;
				CLANG_WARN_UNGUARDED_AVAILABILITY = YES_AGGRESSIVE;
				CLANG_WARN_UNREACHABLE_CODE = YES;
				CLANG_WARN__DUPLICATE_METHOD_MATCH = YES;
				CODE_SIGN_IDENTITY = "iPhone Developer";
				COPY_PHASE_STRIP = NO;
				DEBUG_INFORMATION_FORMAT = dwarf;
				ENABLE_STRICT_OBJC_MSGSEND = YES;
				ENABLE_TESTABILITY = YES;
				GCC_C_LANGUAGE_STANDARD = gnu11;
				GCC_DYNAMIC_NO_PIC = NO;
				GCC_NO_COMMON_BLOCKS = YES;
				GCC_OPTIMIZATION_LEVEL = 0;
				GCC_PREPROCESSOR_DEFINITIONS = (
					"DEBUG=1",
					"$(inherited)",
				);
				GCC_WARN_64_TO_32_BIT_CONVERSION = YES;
				GCC_WARN_ABOUT_RETURN_TYPE = YES_ERROR;
				GCC_WARN_UNDECLARED_SELECTOR = YES;
				GCC_WARN_UNINITIALIZED_AUTOS = YES_AGGRESSIVE;
				GCC_WARN_UNUSED_FUNCTION = YES;
				GCC_WARN_UNUSED_VARIABLE = YES;
				IPHONEOS_DEPLOYMENT_TARGET = 11.2;
				MTL_ENABLE_DEBUG_INFO = YES;
				ONLY_ACTIVE_ARCH = YES;
				SDKROOT = iphoneos;
				SWIFT_ACTIVE_COMPILATION_CONDITIONS = DEBUG;
				SWIFT_OPTIMIZATION_LEVEL = "-Onone";
			};
			name = Debug;
		};
		9A9D769D201385F300FD786E /* Release */ = {
			isa = XCBuildConfiguration;
			buildSettings = {
				ALWAYS_SEARCH_USER_PATHS = NO;
				CLANG_ANALYZER_NONNULL = YES;
				CLANG_ANALYZER_NUMBER_OBJECT_CONVERSION = YES_AGGRESSIVE;
				CLANG_CXX_LANGUAGE_STANDARD = "gnu++14";
				CLANG_CXX_LIBRARY = "libc++";
				CLANG_ENABLE_MODULES = YES;
				CLANG_ENABLE_OBJC_ARC = YES;
				CLANG_WARN_BLOCK_CAPTURE_AUTORELEASING = YES;
				CLANG_WARN_BOOL_CONVERSION = YES;
				CLANG_WARN_COMMA = YES;
				CLANG_WARN_CONSTANT_CONVERSION = YES;
				CLANG_WARN_DIRECT_OBJC_ISA_USAGE = YES_ERROR;
				CLANG_WARN_DOCUMENTATION_COMMENTS = YES;
				CLANG_WARN_EMPTY_BODY = YES;
				CLANG_WARN_ENUM_CONVERSION = YES;
				CLANG_WARN_INFINITE_RECURSION = YES;
				CLANG_WARN_INT_CONVERSION = YES;
				CLANG_WARN_NON_LITERAL_NULL_CONVERSION = YES;
				CLANG_WARN_OBJC_LITERAL_CONVERSION = YES;
				CLANG_WARN_OBJC_ROOT_CLASS = YES_ERROR;
				CLANG_WARN_RANGE_LOOP_ANALYSIS = YES;
				CLANG_WARN_STRICT_PROTOTYPES = YES;
				CLANG_WARN_SUSPICIOUS_MOVE = YES;
				CLANG_WARN_UNGUARDED_AVAILABILITY = YES_AGGRESSIVE;
				CLANG_WARN_UNREACHABLE_CODE = YES;
				CLANG_WARN__DUPLICATE_METHOD_MATCH = YES;
				CODE_SIGN_IDENTITY = "iPhone Developer";
				COPY_PHASE_STRIP = NO;
				DEBUG_INFORMATION_FORMAT = "dwarf-with-dsym";
				ENABLE_NS_ASSERTIONS = NO;
				ENABLE_STRICT_OBJC_MSGSEND = YES;
				GCC_C_LANGUAGE_STANDARD = gnu11;
				GCC_NO_COMMON_BLOCKS = YES;
				GCC_WARN_64_TO_32_BIT_CONVERSION = YES;
				GCC_WARN_ABOUT_RETURN_TYPE = YES_ERROR;
				GCC_WARN_UNDECLARED_SELECTOR = YES;
				GCC_WARN_UNINITIALIZED_AUTOS = YES_AGGRESSIVE;
				GCC_WARN_UNUSED_FUNCTION = YES;
				GCC_WARN_UNUSED_VARIABLE = YES;
				IPHONEOS_DEPLOYMENT_TARGET = 11.2;
				MTL_ENABLE_DEBUG_INFO = NO;
				SDKROOT = iphoneos;
				SWIFT_OPTIMIZATION_LEVEL = "-Owholemodule";
				VALIDATE_PRODUCT = YES;
			};
			name = Release;
		};
		9A9D769F201385F300FD786E /* Debug */ = {
			isa = XCBuildConfiguration;
			buildSettings = {
				ASSETCATALOG_COMPILER_APPICON_NAME = AppIcon;
				CODE_SIGN_STYLE = Automatic;
				DEVELOPMENT_TEAM = 68682W8R4T;
				INFOPLIST_FILE = TestSample/Info.plist;
				LD_RUNPATH_SEARCH_PATHS = "$(inherited) @executable_path/Frameworks";
				PRODUCT_BUNDLE_IDENTIFIER = jp.test.ikkitang1211.TestSample;
				PRODUCT_NAME = "$(TARGET_NAME)";
				SWIFT_VERSION = 4.0;
				TARGETED_DEVICE_FAMILY = "1,2";
			};
			name = Debug;
		};
		9A9D76A0201385F300FD786E /* Release */ = {
			isa = XCBuildConfiguration;
			buildSettings = {
				ASSETCATALOG_COMPILER_APPICON_NAME = AppIcon;
				CODE_SIGN_STYLE = Automatic;
				DEVELOPMENT_TEAM = 68682W8R4T;
				INFOPLIST_FILE = TestSample/Info.plist;
				LD_RUNPATH_SEARCH_PATHS = "$(inherited) @executable_path/Frameworks";
				PRODUCT_BUNDLE_IDENTIFIER = jp.test.ikkitang1211.TestSample;
				PRODUCT_NAME = "$(TARGET_NAME)";
				SWIFT_VERSION = 4.0;
				TARGETED_DEVICE_FAMILY = "1,2";
			};
			name = Release;
		};
		9A9D76A2201385F300FD786E /* Debug */ = {
			isa = XCBuildConfiguration;
			buildSettings = {
				ALWAYS_EMBED_SWIFT_STANDARD_LIBRARIES = YES;
				BUNDLE_LOADER = "$(TEST_HOST)";
				CODE_SIGN_STYLE = Automatic;
				DEVELOPMENT_TEAM = 68682W8R4T;
				INFOPLIST_FILE = TestSampleTests/Info.plist;
				LD_RUNPATH_SEARCH_PATHS = "$(inherited) @executable_path/Frameworks @loader_path/Frameworks";
				PRODUCT_BUNDLE_IDENTIFIER = jp.test.ikkitang1211.TestSampleTests;
				PRODUCT_NAME = "$(TARGET_NAME)";
				SWIFT_VERSION = 4.0;
				TARGETED_DEVICE_FAMILY = "1,2";
				TEST_HOST = "$(BUILT_PRODUCTS_DIR)/TestSample.app/TestSample";
			};
			name = Debug;
		};
		9A9D76A3201385F300FD786E /* Release */ = {
			isa = XCBuildConfiguration;
			buildSettings = {
				ALWAYS_EMBED_SWIFT_STANDARD_LIBRARIES = YES;
				BUNDLE_LOADER = "$(TEST_HOST)";
				CODE_SIGN_STYLE = Automatic;
				DEVELOPMENT_TEAM = 68682W8R4T;
				INFOPLIST_FILE = TestSampleTests/Info.plist;
				LD_RUNPATH_SEARCH_PATHS = "$(inherited) @executable_path/Frameworks @loader_path/Frameworks";
				PRODUCT_BUNDLE_IDENTIFIER = jp.test.ikkitang1211.TestSampleTests;
				PRODUCT_NAME = "$(TARGET_NAME)";
				SWIFT_VERSION = 4.0;
				TARGETED_DEVICE_FAMILY = "1,2";
				TEST_HOST = "$(BUILT_PRODUCTS_DIR)/TestSample.app/TestSample";
			};
			name = Release;
		};
		9A9D76A5201385F300FD786E /* Debug */ = {
			isa = XCBuildConfiguration;
			buildSettings = {
				ALWAYS_EMBED_SWIFT_STANDARD_LIBRARIES = YES;
				CODE_SIGN_STYLE = Automatic;
				DEVELOPMENT_TEAM = 68682W8R4T;
				INFOPLIST_FILE = TestSampleUITests/Info.plist;
				LD_RUNPATH_SEARCH_PATHS = "$(inherited) @executable_path/Frameworks @loader_path/Frameworks";
				PRODUCT_BUNDLE_IDENTIFIER = jp.test.ikkitang1211.TestSampleUITests;
				PRODUCT_NAME = "$(TARGET_NAME)";
				SWIFT_VERSION = 4.0;
				TARGETED_DEVICE_FAMILY = "1,2";
				TEST_TARGET_NAME = TestSample;
			};
			name = Debug;
		};
		9A9D76A6201385F300FD786E /* Release */ = {
			isa = XCBuildConfiguration;
			buildSettings = {
				ALWAYS_EMBED_SWIFT_STANDARD_LIBRARIES = YES;
				CODE_SIGN_STYLE = Automatic;
				DEVELOPMENT_TEAM = 68682W8R4T;
				INFOPLIST_FILE = TestSampleUITests/Info.plist;
				LD_RUNPATH_SEARCH_PATHS = "$(inherited) @executable_path/Frameworks @loader_path/Frameworks";
				PRODUCT_BUNDLE_IDENTIFIER = jp.test.ikkitang1211.TestSampleUITests;
				PRODUCT_NAME = "$(TARGET_NAME)";
				SWIFT_VERSION = 4.0;
				TARGETED_DEVICE_FAMILY = "1,2";
				TEST_TARGET_NAME = TestSample;
			};
			name = Release;
		};
/* End XCBuildConfiguration section */

/* Begin XCConfigurationList section */
		9A9D7671201385F300FD786E /* Build configuration list for PBXProject "TestSample" */ = {
			isa = XCConfigurationList;
			buildConfigurations = (
				9A9D769C201385F300FD786E /* Debug */,
				9A9D769D201385F300FD786E /* Release */,
			);
			defaultConfigurationIsVisible = 0;
			defaultConfigurationName = Release;
		};
		9A9D769E201385F300FD786E /* Build configuration list for PBXNativeTarget "TestSample" */ = {
			isa = XCConfigurationList;
			buildConfigurations = (
				9A9D769F201385F300FD786E /* Debug */,
				9A9D76A0201385F300FD786E /* Release */,
			);
			defaultConfigurationIsVisible = 0;
			defaultConfigurationName = Release;
		};
		9A9D76A1201385F300FD786E /* Build configuration list for PBXNativeTarget "TestSampleTests" */ = {
			isa = XCConfigurationList;
			buildConfigurations = (
				9A9D76A2201385F300FD786E /* Debug */,
				9A9D76A3201385F300FD786E /* Release */,
			);
			defaultConfigurationIsVisible = 0;
			defaultConfigurationName = Release;
		};
		9A9D76A4201385F300FD786E /* Build configuration list for PBXNativeTarget "TestSampleUITests" */ = {
			isa = XCConfigurationList;
			buildConfigurations = (
				9A9D76A5201385F300FD786E /* Debug */,
				9A9D76A6201385F300FD786E /* Release */,
			);
			defaultConfigurationIsVisible = 0;
			defaultConfigurationName = Release;
		};
/* End XCConfigurationList section */
	};
	rootObject = 9A9D766E201385F300FD786E /* Project object */;
}
